// !$*UTF8*$!
{
	archiveVersion = 1;
	classes = {
	};
	objectVersion = 56;
	objects = {

/* Begin PBXBuildFile section */
		20107D6E2C22607F00B49CE4 /* KigoFramework.xcframework in Frameworks */ = {isa = PBXBuildFile; fileRef = 20107D6C2C22603B00B49CE4 /* KigoFramework.xcframework */; };
		20107D6F2C22607F00B49CE4 /* KigoFramework.xcframework in Embed Frameworks */ = {isa = PBXBuildFile; fileRef = 20107D6C2C22603B00B49CE4 /* KigoFramework.xcframework */; settings = {ATTRIBUTES = (CodeSignOnCopy, RemoveHeadersOnCopy, ); }; };
		208C97732BE54F9900C578B0 /* AppDelegate.swift in Sources */ = {isa = PBXBuildFile; fileRef = 208C97722BE54F9900C578B0 /* AppDelegate.swift */; };
		208C97752BE54F9900C578B0 /* SceneDelegate.swift in Sources */ = {isa = PBXBuildFile; fileRef = 208C97742BE54F9900C578B0 /* SceneDelegate.swift */; };
		208C97772BE54F9900C578B0 /* ViewController.swift in Sources */ = {isa = PBXBuildFile; fileRef = 208C97762BE54F9900C578B0 /* ViewController.swift */; };
		208C977A2BE54F9900C578B0 /* Main.storyboard in Resources */ = {isa = PBXBuildFile; fileRef = 208C97782BE54F9900C578B0 /* Main.storyboard */; };
		208C977C2BE54F9A00C578B0 /* Assets.xcassets in Resources */ = {isa = PBXBuildFile; fileRef = 208C977B2BE54F9A00C578B0 /* Assets.xcassets */; };
		208C977F2BE54F9A00C578B0 /* LaunchScreen.storyboard in Resources */ = {isa = PBXBuildFile; fileRef = 208C977D2BE54F9A00C578B0 /* LaunchScreen.storyboard */; };
		208C978A2BE54F9A00C578B0 /* testProjectSDK2Tests.swift in Sources */ = {isa = PBXBuildFile; fileRef = 208C97892BE54F9A00C578B0 /* testProjectSDK2Tests.swift */; };
		208C97942BE54F9A00C578B0 /* testProjectSDK2UITests.swift in Sources */ = {isa = PBXBuildFile; fileRef = 208C97932BE54F9A00C578B0 /* testProjectSDK2UITests.swift */; };
		208C97962BE54F9A00C578B0 /* testProjectSDK2UITestsLaunchTests.swift in Sources */ = {isa = PBXBuildFile; fileRef = 208C97952BE54F9A00C578B0 /* testProjectSDK2UITestsLaunchTests.swift */; };
/* End PBXBuildFile section */

/* Begin PBXContainerItemProxy section */
		208C97862BE54F9A00C578B0 /* PBXContainerItemProxy */ = {
			isa = PBXContainerItemProxy;
			containerPortal = 208C97672BE54F9800C578B0 /* Project object */;
			proxyType = 1;
			remoteGlobalIDString = 208C976E2BE54F9900C578B0;
			remoteInfo = testProjectSDK2;
		};
		208C97902BE54F9A00C578B0 /* PBXContainerItemProxy */ = {
			isa = PBXContainerItemProxy;
			containerPortal = 208C97672BE54F9800C578B0 /* Project object */;
			proxyType = 1;
			remoteGlobalIDString = 208C976E2BE54F9900C578B0;
			remoteInfo = testProjectSDK2;
		};
/* End PBXContainerItemProxy section */

/* Begin PBXCopyFilesBuildPhase section */
		208C98E52BE9677600C578B0 /* Embed Frameworks */ = {
			isa = PBXCopyFilesBuildPhase;
			buildActionMask = 2147483647;
			dstPath = "";
			dstSubfolderSpec = 10;
			files = (
				20107D6F2C22607F00B49CE4 /* KigoFramework.xcframework in Embed Frameworks */,
			);
			name = "Embed Frameworks";
			runOnlyForDeploymentPostprocessing = 0;
		};
/* End PBXCopyFilesBuildPhase section */

/* Begin PBXFileReference section */
		20107D6C2C22603B00B49CE4 /* KigoFramework.xcframework */ = {isa = PBXFileReference; lastKnownFileType = wrapper.xcframework; path = KigoFramework.xcframework; sourceTree = "<group>"; };
		208C976F2BE54F9900C578B0 /* testProjectSDKKigo.app */ = {isa = PBXFileReference; explicitFileType = wrapper.application; includeInIndex = 0; path = testProjectSDKKigo.app; sourceTree = BUILT_PRODUCTS_DIR; };
		208C97722BE54F9900C578B0 /* AppDelegate.swift */ = {isa = PBXFileReference; lastKnownFileType = sourcecode.swift; path = AppDelegate.swift; sourceTree = "<group>"; };
		208C97742BE54F9900C578B0 /* SceneDelegate.swift */ = {isa = PBXFileReference; lastKnownFileType = sourcecode.swift; path = SceneDelegate.swift; sourceTree = "<group>"; };
		208C97762BE54F9900C578B0 /* ViewController.swift */ = {isa = PBXFileReference; lastKnownFileType = sourcecode.swift; path = ViewController.swift; sourceTree = "<group>"; };
		208C97792BE54F9900C578B0 /* Base */ = {isa = PBXFileReference; lastKnownFileType = file.storyboard; name = Base; path = Base.lproj/Main.storyboard; sourceTree = "<group>"; };
		208C977B2BE54F9A00C578B0 /* Assets.xcassets */ = {isa = PBXFileReference; lastKnownFileType = folder.assetcatalog; path = Assets.xcassets; sourceTree = "<group>"; };
		208C977E2BE54F9A00C578B0 /* Base */ = {isa = PBXFileReference; lastKnownFileType = file.storyboard; name = Base; path = Base.lproj/LaunchScreen.storyboard; sourceTree = "<group>"; };
		208C97802BE54F9A00C578B0 /* Info.plist */ = {isa = PBXFileReference; lastKnownFileType = text.plist.xml; path = Info.plist; sourceTree = "<group>"; };
		208C97852BE54F9A00C578B0 /* testProjectSDKKigoTests.xctest */ = {isa = PBXFileReference; explicitFileType = wrapper.cfbundle; includeInIndex = 0; path = testProjectSDKKigoTests.xctest; sourceTree = BUILT_PRODUCTS_DIR; };
		208C97892BE54F9A00C578B0 /* testProjectSDK2Tests.swift */ = {isa = PBXFileReference; lastKnownFileType = sourcecode.swift; path = testProjectSDK2Tests.swift; sourceTree = "<group>"; };
		208C978F2BE54F9A00C578B0 /* testProjectSDKKigoUITests.xctest */ = {isa = PBXFileReference; explicitFileType = wrapper.cfbundle; includeInIndex = 0; path = testProjectSDKKigoUITests.xctest; sourceTree = BUILT_PRODUCTS_DIR; };
		208C97932BE54F9A00C578B0 /* testProjectSDK2UITests.swift */ = {isa = PBXFileReference; lastKnownFileType = sourcecode.swift; path = testProjectSDK2UITests.swift; sourceTree = "<group>"; };
		208C97952BE54F9A00C578B0 /* testProjectSDK2UITestsLaunchTests.swift */ = {isa = PBXFileReference; lastKnownFileType = sourcecode.swift; path = testProjectSDK2UITestsLaunchTests.swift; sourceTree = "<group>"; };
/* End PBXFileReference section */

/* Begin PBXFrameworksBuildPhase section */
		208C976C2BE54F9900C578B0 /* Frameworks */ = {
			isa = PBXFrameworksBuildPhase;
			buildActionMask = 2147483647;
			files = (
				20107D6E2C22607F00B49CE4 /* KigoFramework.xcframework in Frameworks */,
			);
			runOnlyForDeploymentPostprocessing = 0;
		};
		208C97822BE54F9A00C578B0 /* Frameworks */ = {
			isa = PBXFrameworksBuildPhase;
			buildActionMask = 2147483647;
			files = (
			);
			runOnlyForDeploymentPostprocessing = 0;
		};
		208C978C2BE54F9A00C578B0 /* Frameworks */ = {
			isa = PBXFrameworksBuildPhase;
			buildActionMask = 2147483647;
			files = (
			);
			runOnlyForDeploymentPostprocessing = 0;
		};
/* End PBXFrameworksBuildPhase section */

/* Begin PBXGroup section */
		208C97662BE54F9800C578B0 = {
			isa = PBXGroup;
			children = (
				208C97712BE54F9900C578B0 /* testProjectSDK2 */,
				208C97882BE54F9A00C578B0 /* testProjectSDK2Tests */,
				208C97922BE54F9A00C578B0 /* testProjectSDK2UITests */,
				208C97702BE54F9900C578B0 /* Products */,
				208C98812BE5CD9000C578B0 /* Frameworks */,
			);
			sourceTree = "<group>";
		};
		208C97702BE54F9900C578B0 /* Products */ = {
			isa = PBXGroup;
			children = (
				208C976F2BE54F9900C578B0 /* testProjectSDKKigo.app */,
				208C97852BE54F9A00C578B0 /* testProjectSDKKigoTests.xctest */,
				208C978F2BE54F9A00C578B0 /* testProjectSDKKigoUITests.xctest */,
			);
			name = Products;
			sourceTree = "<group>";
		};
		208C97712BE54F9900C578B0 /* testProjectSDK2 */ = {
			isa = PBXGroup;
			children = (
				208C97722BE54F9900C578B0 /* AppDelegate.swift */,
				20107D6C2C22603B00B49CE4 /* KigoFramework.xcframework */,
				208C97742BE54F9900C578B0 /* SceneDelegate.swift */,
				208C97762BE54F9900C578B0 /* ViewController.swift */,
				208C97782BE54F9900C578B0 /* Main.storyboard */,
				208C977B2BE54F9A00C578B0 /* Assets.xcassets */,
				208C977D2BE54F9A00C578B0 /* LaunchScreen.storyboard */,
				208C97802BE54F9A00C578B0 /* Info.plist */,
			);
			path = testProjectSDK2;
			sourceTree = "<group>";
		};
		208C97882BE54F9A00C578B0 /* testProjectSDK2Tests */ = {
			isa = PBXGroup;
			children = (
				208C97892BE54F9A00C578B0 /* testProjectSDK2Tests.swift */,
			);
			path = testProjectSDK2Tests;
			sourceTree = "<group>";
		};
		208C97922BE54F9A00C578B0 /* testProjectSDK2UITests */ = {
			isa = PBXGroup;
			children = (
				208C97932BE54F9A00C578B0 /* testProjectSDK2UITests.swift */,
				208C97952BE54F9A00C578B0 /* testProjectSDK2UITestsLaunchTests.swift */,
			);
			path = testProjectSDK2UITests;
			sourceTree = "<group>";
		};
		208C98812BE5CD9000C578B0 /* Frameworks */ = {
			isa = PBXGroup;
			children = (
			);
			name = Frameworks;
			sourceTree = "<group>";
		};
/* End PBXGroup section */

/* Begin PBXNativeTarget section */
		208C976E2BE54F9900C578B0 /* testProjectSDKKigo */ = {
			isa = PBXNativeTarget;
			buildConfigurationList = 208C97992BE54F9A00C578B0 /* Build configuration list for PBXNativeTarget "testProjectSDKKigo" */;
			buildPhases = (
				208C976B2BE54F9900C578B0 /* Sources */,
				208C976C2BE54F9900C578B0 /* Frameworks */,
				208C976D2BE54F9900C578B0 /* Resources */,
				208C98E52BE9677600C578B0 /* Embed Frameworks */,
			);
			buildRules = (
			);
			dependencies = (
			);
			name = testProjectSDKKigo;
			packageProductDependencies = (
			);
			productName = testProjectSDK2;
			productReference = 208C976F2BE54F9900C578B0 /* testProjectSDKKigo.app */;
			productType = "com.apple.product-type.application";
		};
		208C97842BE54F9A00C578B0 /* testProjectSDKKigoTests */ = {
			isa = PBXNativeTarget;
			buildConfigurationList = 208C979C2BE54F9A00C578B0 /* Build configuration list for PBXNativeTarget "testProjectSDKKigoTests" */;
			buildPhases = (
				208C97812BE54F9A00C578B0 /* Sources */,
				208C97822BE54F9A00C578B0 /* Frameworks */,
				208C97832BE54F9A00C578B0 /* Resources */,
			);
			buildRules = (
			);
			dependencies = (
				208C97872BE54F9A00C578B0 /* PBXTargetDependency */,
			);
			name = testProjectSDKKigoTests;
			productName = testProjectSDK2Tests;
			productReference = 208C97852BE54F9A00C578B0 /* testProjectSDKKigoTests.xctest */;
			productType = "com.apple.product-type.bundle.unit-test";
		};
		208C978E2BE54F9A00C578B0 /* testProjectSDKKigoUITests */ = {
			isa = PBXNativeTarget;
			buildConfigurationList = 208C979F2BE54F9A00C578B0 /* Build configuration list for PBXNativeTarget "testProjectSDKKigoUITests" */;
			buildPhases = (
				208C978B2BE54F9A00C578B0 /* Sources */,
				208C978C2BE54F9A00C578B0 /* Frameworks */,
				208C978D2BE54F9A00C578B0 /* Resources */,
			);
			buildRules = (
			);
			dependencies = (
				208C97912BE54F9A00C578B0 /* PBXTargetDependency */,
			);
			name = testProjectSDKKigoUITests;
			productName = testProjectSDK2UITests;
			productReference = 208C978F2BE54F9A00C578B0 /* testProjectSDKKigoUITests.xctest */;
			productType = "com.apple.product-type.bundle.ui-testing";
		};
/* End PBXNativeTarget section */

/* Begin PBXProject section */
		208C97672BE54F9800C578B0 /* Project object */ = {
			isa = PBXProject;
			attributes = {
				BuildIndependentTargetsInParallel = 1;
				LastSwiftUpdateCheck = 1500;
				LastUpgradeCheck = 1500;
				TargetAttributes = {
					208C976E2BE54F9900C578B0 = {
						CreatedOnToolsVersion = 15.0;
					};
					208C97842BE54F9A00C578B0 = {
						CreatedOnToolsVersion = 15.0;
						TestTargetID = 208C976E2BE54F9900C578B0;
					};
					208C978E2BE54F9A00C578B0 = {
						CreatedOnToolsVersion = 15.0;
						TestTargetID = 208C976E2BE54F9900C578B0;
					};
				};
			};
			buildConfigurationList = 208C976A2BE54F9800C578B0 /* Build configuration list for PBXProject "testProjectSDKKigo" */;
			compatibilityVersion = "Xcode 14.0";
			developmentRegion = en;
			hasScannedForEncodings = 0;
			knownRegions = (
				en,
				Base,
			);
			mainGroup = 208C97662BE54F9800C578B0;
			packageReferences = (
			);
			productRefGroup = 208C97702BE54F9900C578B0 /* Products */;
			projectDirPath = "";
			projectRoot = "";
			targets = (
				208C976E2BE54F9900C578B0 /* testProjectSDKKigo */,
				208C97842BE54F9A00C578B0 /* testProjectSDKKigoTests */,
				208C978E2BE54F9A00C578B0 /* testProjectSDKKigoUITests */,
			);
		};
/* End PBXProject section */

/* Begin PBXResourcesBuildPhase section */
		208C976D2BE54F9900C578B0 /* Resources */ = {
			isa = PBXResourcesBuildPhase;
			buildActionMask = 2147483647;
			files = (
				208C977F2BE54F9A00C578B0 /* LaunchScreen.storyboard in Resources */,
				208C977C2BE54F9A00C578B0 /* Assets.xcassets in Resources */,
				208C977A2BE54F9900C578B0 /* Main.storyboard in Resources */,
			);
			runOnlyForDeploymentPostprocessing = 0;
		};
		208C97832BE54F9A00C578B0 /* Resources */ = {
			isa = PBXResourcesBuildPhase;
			buildActionMask = 2147483647;
			files = (
			);
			runOnlyForDeploymentPostprocessing = 0;
		};
		208C978D2BE54F9A00C578B0 /* Resources */ = {
			isa = PBXResourcesBuildPhase;
			buildActionMask = 2147483647;
			files = (
			);
			runOnlyForDeploymentPostprocessing = 0;
		};
/* End PBXResourcesBuildPhase section */

/* Begin PBXSourcesBuildPhase section */
		208C976B2BE54F9900C578B0 /* Sources */ = {
			isa = PBXSourcesBuildPhase;
			buildActionMask = 2147483647;
			files = (
				208C97772BE54F9900C578B0 /* ViewController.swift in Sources */,
				208C97732BE54F9900C578B0 /* AppDelegate.swift in Sources */,
				208C97752BE54F9900C578B0 /* SceneDelegate.swift in Sources */,
			);
			runOnlyForDeploymentPostprocessing = 0;
		};
		208C97812BE54F9A00C578B0 /* Sources */ = {
			isa = PBXSourcesBuildPhase;
			buildActionMask = 2147483647;
			files = (
				208C978A2BE54F9A00C578B0 /* testProjectSDK2Tests.swift in Sources */,
			);
			runOnlyForDeploymentPostprocessing = 0;
		};
		208C978B2BE54F9A00C578B0 /* Sources */ = {
			isa = PBXSourcesBuildPhase;
			buildActionMask = 2147483647;
			files = (
				208C97962BE54F9A00C578B0 /* testProjectSDK2UITestsLaunchTests.swift in Sources */,
				208C97942BE54F9A00C578B0 /* testProjectSDK2UITests.swift in Sources */,
			);
			runOnlyForDeploymentPostprocessing = 0;
		};
/* End PBXSourcesBuildPhase section */

/* Begin PBXTargetDependency section */
		208C97872BE54F9A00C578B0 /* PBXTargetDependency */ = {
			isa = PBXTargetDependency;
			target = 208C976E2BE54F9900C578B0 /* testProjectSDKKigo */;
			targetProxy = 208C97862BE54F9A00C578B0 /* PBXContainerItemProxy */;
		};
		208C97912BE54F9A00C578B0 /* PBXTargetDependency */ = {
			isa = PBXTargetDependency;
			target = 208C976E2BE54F9900C578B0 /* testProjectSDKKigo */;
			targetProxy = 208C97902BE54F9A00C578B0 /* PBXContainerItemProxy */;
		};
/* End PBXTargetDependency section */

/* Begin PBXVariantGroup section */
		208C97782BE54F9900C578B0 /* Main.storyboard */ = {
			isa = PBXVariantGroup;
			children = (
				208C97792BE54F9900C578B0 /* Base */,
			);
			name = Main.storyboard;
			sourceTree = "<group>";
		};
		208C977D2BE54F9A00C578B0 /* LaunchScreen.storyboard */ = {
			isa = PBXVariantGroup;
			children = (
				208C977E2BE54F9A00C578B0 /* Base */,
			);
			name = LaunchScreen.storyboard;
			sourceTree = "<group>";
		};
/* End PBXVariantGroup section */

/* Begin XCBuildConfiguration section */
		208C97972BE54F9A00C578B0 /* Debug */ = {
			isa = XCBuildConfiguration;
			buildSettings = {
				ALWAYS_SEARCH_USER_PATHS = NO;
				ASSETCATALOG_COMPILER_GENERATE_SWIFT_ASSET_SYMBOL_EXTENSIONS = YES;
				CLANG_ANALYZER_NONNULL = YES;
				CLANG_ANALYZER_NUMBER_OBJECT_CONVERSION = YES_AGGRESSIVE;
				CLANG_CXX_LANGUAGE_STANDARD = "gnu++20";
				CLANG_ENABLE_MODULES = YES;
				CLANG_ENABLE_OBJC_ARC = YES;
				CLANG_ENABLE_OBJC_WEAK = YES;
				CLANG_WARN_BLOCK_CAPTURE_AUTORELEASING = YES;
				CLANG_WARN_BOOL_CONVERSION = YES;
				CLANG_WARN_COMMA = YES;
				CLANG_WARN_CONSTANT_CONVERSION = YES;
				CLANG_WARN_DEPRECATED_OBJC_IMPLEMENTATIONS = YES;
				CLANG_WARN_DIRECT_OBJC_ISA_USAGE = YES_ERROR;
				CLANG_WARN_DOCUMENTATION_COMMENTS = YES;
				CLANG_WARN_EMPTY_BODY = YES;
				CLANG_WARN_ENUM_CONVERSION = YES;
				CLANG_WARN_INFINITE_RECURSION = YES;
				CLANG_WARN_INT_CONVERSION = YES;
				CLANG_WARN_NON_LITERAL_NULL_CONVERSION = YES;
				CLANG_WARN_OBJC_IMPLICIT_RETAIN_SELF = YES;
				CLANG_WARN_OBJC_LITERAL_CONVERSION = YES;
				CLANG_WARN_OBJC_ROOT_CLASS = YES_ERROR;
				CLANG_WARN_QUOTED_INCLUDE_IN_FRAMEWORK_HEADER = YES;
				CLANG_WARN_RANGE_LOOP_ANALYSIS = YES;
				CLANG_WARN_STRICT_PROTOTYPES = YES;
				CLANG_WARN_SUSPICIOUS_MOVE = YES;
				CLANG_WARN_UNGUARDED_AVAILABILITY = YES_AGGRESSIVE;
				CLANG_WARN_UNREACHABLE_CODE = YES;
				CLANG_WARN__DUPLICATE_METHOD_MATCH = YES;
				COPY_PHASE_STRIP = NO;
				DEBUG_INFORMATION_FORMAT = dwarf;
				ENABLE_STRICT_OBJC_MSGSEND = YES;
				ENABLE_TESTABILITY = YES;
				ENABLE_USER_SCRIPT_SANDBOXING = YES;
				GCC_C_LANGUAGE_STANDARD = gnu17;
				GCC_DYNAMIC_NO_PIC = NO;
				GCC_NO_COMMON_BLOCKS = YES;
				GCC_OPTIMIZATION_LEVEL = 0;
				GCC_PREPROCESSOR_DEFINITIONS = (
					"DEBUG=1",
					"$(inherited)",
				);
				GCC_WARN_64_TO_32_BIT_CONVERSION = YES;
				GCC_WARN_ABOUT_RETURN_TYPE = YES_ERROR;
				GCC_WARN_UNDECLARED_SELECTOR = YES;
				GCC_WARN_UNINITIALIZED_AUTOS = YES_AGGRESSIVE;
				GCC_WARN_UNUSED_FUNCTION = YES;
				GCC_WARN_UNUSED_VARIABLE = YES;
				IPHONEOS_DEPLOYMENT_TARGET = 17.0;
				LOCALIZATION_PREFERS_STRING_CATALOGS = YES;
				MTL_ENABLE_DEBUG_INFO = INCLUDE_SOURCE;
				MTL_FAST_MATH = YES;
				ONLY_ACTIVE_ARCH = YES;
				SDKROOT = iphoneos;
				SWIFT_ACTIVE_COMPILATION_CONDITIONS = "DEBUG $(inherited)";
				SWIFT_OPTIMIZATION_LEVEL = "-Onone";
			};
			name = Debug;
		};
		208C97982BE54F9A00C578B0 /* Release */ = {
			isa = XCBuildConfiguration;
			buildSettings = {
				ALWAYS_SEARCH_USER_PATHS = NO;
				ASSETCATALOG_COMPILER_GENERATE_SWIFT_ASSET_SYMBOL_EXTENSIONS = YES;
				CLANG_ANALYZER_NONNULL = YES;
				CLANG_ANALYZER_NUMBER_OBJECT_CONVERSION = YES_AGGRESSIVE;
				CLANG_CXX_LANGUAGE_STANDARD = "gnu++20";
				CLANG_ENABLE_MODULES = YES;
				CLANG_ENABLE_OBJC_ARC = YES;
				CLANG_ENABLE_OBJC_WEAK = YES;
				CLANG_WARN_BLOCK_CAPTURE_AUTORELEASING = YES;
				CLANG_WARN_BOOL_CONVERSION = YES;
				CLANG_WARN_COMMA = YES;
				CLANG_WARN_CONSTANT_CONVERSION = YES;
				CLANG_WARN_DEPRECATED_OBJC_IMPLEMENTATIONS = YES;
				CLANG_WARN_DIRECT_OBJC_ISA_USAGE = YES_ERROR;
				CLANG_WARN_DOCUMENTATION_COMMENTS = YES;
				CLANG_WARN_EMPTY_BODY = YES;
				CLANG_WARN_ENUM_CONVERSION = YES;
				CLANG_WARN_INFINITE_RECURSION = YES;
				CLANG_WARN_INT_CONVERSION = YES;
				CLANG_WARN_NON_LITERAL_NULL_CONVERSION = YES;
				CLANG_WARN_OBJC_IMPLICIT_RETAIN_SELF = YES;
				CLANG_WARN_OBJC_LITERAL_CONVERSION = YES;
				CLANG_WARN_OBJC_ROOT_CLASS = YES_ERROR;
				CLANG_WARN_QUOTED_INCLUDE_IN_FRAMEWORK_HEADER = YES;
				CLANG_WARN_RANGE_LOOP_ANALYSIS = YES;
				CLANG_WARN_STRICT_PROTOTYPES = YES;
				CLANG_WARN_SUSPICIOUS_MOVE = YES;
				CLANG_WARN_UNGUARDED_AVAILABILITY = YES_AGGRESSIVE;
				CLANG_WARN_UNREACHABLE_CODE = YES;
				CLANG_WARN__DUPLICATE_METHOD_MATCH = YES;
				COPY_PHASE_STRIP = NO;
				DEBUG_INFORMATION_FORMAT = "dwarf-with-dsym";
				ENABLE_NS_ASSERTIONS = NO;
				ENABLE_STRICT_OBJC_MSGSEND = YES;
				ENABLE_USER_SCRIPT_SANDBOXING = YES;
				GCC_C_LANGUAGE_STANDARD = gnu17;
				GCC_NO_COMMON_BLOCKS = YES;
				GCC_WARN_64_TO_32_BIT_CONVERSION = YES;
				GCC_WARN_ABOUT_RETURN_TYPE = YES_ERROR;
				GCC_WARN_UNDECLARED_SELECTOR = YES;
				GCC_WARN_UNINITIALIZED_AUTOS = YES_AGGRESSIVE;
				GCC_WARN_UNUSED_FUNCTION = YES;
				GCC_WARN_UNUSED_VARIABLE = YES;
				IPHONEOS_DEPLOYMENT_TARGET = 17.0;
				LOCALIZATION_PREFERS_STRING_CATALOGS = YES;
				MTL_ENABLE_DEBUG_INFO = NO;
				MTL_FAST_MATH = YES;
				SDKROOT = iphoneos;
				SWIFT_COMPILATION_MODE = wholemodule;
				VALIDATE_PRODUCT = YES;
			};
			name = Release;
		};
		208C979A2BE54F9A00C578B0 /* Debug */ = {
			isa = XCBuildConfiguration;
			buildSettings = {
				ASSETCATALOG_COMPILER_APPICON_NAME = AppIcon;
				ASSETCATALOG_COMPILER_GLOBAL_ACCENT_COLOR_NAME = AccentColor;
				CODE_SIGN_STYLE = Automatic;
				CURRENT_PROJECT_VERSION = 1;
				DEVELOPMENT_TEAM = FJAC2DB79M;
				GENERATE_INFOPLIST_FILE = YES;
				INFOPLIST_FILE = testProjectSDK2/Info.plist;
				INFOPLIST_KEY_UIApplicationSupportsIndirectInputEvents = YES;
				INFOPLIST_KEY_UILaunchStoryboardName = LaunchScreen;
				INFOPLIST_KEY_UIMainStoryboardFile = Main;
				INFOPLIST_KEY_UISupportedInterfaceOrientations_iPad = "UIInterfaceOrientationPortrait UIInterfaceOrientationPortraitUpsideDown UIInterfaceOrientationLandscapeLeft UIInterfaceOrientationLandscapeRight";
				INFOPLIST_KEY_UISupportedInterfaceOrientations_iPhone = "UIInterfaceOrientationPortrait UIInterfaceOrientationLandscapeLeft UIInterfaceOrientationLandscapeRight";
				LD_RUNPATH_SEARCH_PATHS = (
					"$(inherited)",
					"@executable_path/Frameworks",
				);
				MARKETING_VERSION = 1.0;
				PRODUCT_BUNDLE_IDENTIFIER = com.geoenlace.testProjectSDK2;
				PRODUCT_NAME = "$(TARGET_NAME)";
				SWIFT_EMIT_LOC_STRINGS = YES;
				SWIFT_VERSION = 5.0;
				TARGETED_DEVICE_FAMILY = "1,2";
			};
			name = Debug;
		};
		208C979B2BE54F9A00C578B0 /* Release */ = {
			isa = XCBuildConfiguration;
			buildSettings = {
				ASSETCATALOG_COMPILER_APPICON_NAME = AppIcon;
				ASSETCATALOG_COMPILER_GLOBAL_ACCENT_COLOR_NAME = AccentColor;
				CODE_SIGN_STYLE = Automatic;
				CURRENT_PROJECT_VERSION = 1;
				DEVELOPMENT_TEAM = FJAC2DB79M;
				GENERATE_INFOPLIST_FILE = YES;
				INFOPLIST_FILE = testProjectSDK2/Info.plist;
				INFOPLIST_KEY_UIApplicationSupportsIndirectInputEvents = YES;
				INFOPLIST_KEY_UILaunchStoryboardName = LaunchScreen;
				INFOPLIST_KEY_UIMainStoryboardFile = Main;
				INFOPLIST_KEY_UISupportedInterfaceOrientations_iPad = "UIInterfaceOrientationPortrait UIInterfaceOrientationPortraitUpsideDown UIInterfaceOrientationLandscapeLeft UIInterfaceOrientationLandscapeRight";
				INFOPLIST_KEY_UISupportedInterfaceOrientations_iPhone = "UIInterfaceOrientationPortrait UIInterfaceOrientationLandscapeLeft UIInterfaceOrientationLandscapeRight";
				LD_RUNPATH_SEARCH_PATHS = (
					"$(inherited)",
					"@executable_path/Frameworks",
				);
				MARKETING_VERSION = 1.0;
				PRODUCT_BUNDLE_IDENTIFIER = com.geoenlace.testProjectSDK2;
				PRODUCT_NAME = "$(TARGET_NAME)";
				SWIFT_EMIT_LOC_STRINGS = YES;
				SWIFT_VERSION = 5.0;
				TARGETED_DEVICE_FAMILY = "1,2";
			};
			name = Release;
		};
		208C979D2BE54F9A00C578B0 /* Debug */ = {
			isa = XCBuildConfiguration;
			buildSettings = {
				ALWAYS_EMBED_SWIFT_STANDARD_LIBRARIES = YES;
				BUNDLE_LOADER = "$(TEST_HOST)";
				CODE_SIGN_STYLE = Automatic;
				CURRENT_PROJECT_VERSION = 1;
				DEVELOPMENT_TEAM = FJAC2DB79M;
				GENERATE_INFOPLIST_FILE = YES;
				IPHONEOS_DEPLOYMENT_TARGET = 17.0;
				MARKETING_VERSION = 1.0;
				PRODUCT_BUNDLE_IDENTIFIER = com.geoenlace.testProjectSDK2Tests;
				PRODUCT_NAME = "$(TARGET_NAME)";
				SWIFT_EMIT_LOC_STRINGS = NO;
				SWIFT_VERSION = 5.0;
				TARGETED_DEVICE_FAMILY = "1,2";
				TEST_HOST = "$(BUILT_PRODUCTS_DIR)/testProjectSDKKigo.app/$(BUNDLE_EXECUTABLE_FOLDER_PATH)/testProjectSDKKigo";
			};
			name = Debug;
		};
		208C979E2BE54F9A00C578B0 /* Release */ = {
			isa = XCBuildConfiguration;
			buildSettings = {
				ALWAYS_EMBED_SWIFT_STANDARD_LIBRARIES = YES;
				BUNDLE_LOADER = "$(TEST_HOST)";
				CODE_SIGN_STYLE = Automatic;
				CURRENT_PROJECT_VERSION = 1;
				DEVELOPMENT_TEAM = FJAC2DB79M;
				GENERATE_INFOPLIST_FILE = YES;
				IPHONEOS_DEPLOYMENT_TARGET = 17.0;
				MARKETING_VERSION = 1.0;
				PRODUCT_BUNDLE_IDENTIFIER = com.geoenlace.testProjectSDK2Tests;
				PRODUCT_NAME = "$(TARGET_NAME)";
				SWIFT_EMIT_LOC_STRINGS = NO;
				SWIFT_VERSION = 5.0;
				TARGETED_DEVICE_FAMILY = "1,2";
				TEST_HOST = "$(BUILT_PRODUCTS_DIR)/testProjectSDKKigo.app/$(BUNDLE_EXECUTABLE_FOLDER_PATH)/testProjectSDKKigo";
			};
			name = Release;
		};
		208C97A02BE54F9A00C578B0 /* Debug */ = {
			isa = XCBuildConfiguration;
			buildSettings = {
				ALWAYS_EMBED_SWIFT_STANDARD_LIBRARIES = YES;
				CODE_SIGN_STYLE = Automatic;
				CURRENT_PROJECT_VERSION = 1;
				DEVELOPMENT_TEAM = FJAC2DB79M;
				GENERATE_INFOPLIST_FILE = YES;
				MARKETING_VERSION = 1.0;
				PRODUCT_BUNDLE_IDENTIFIER = com.geoenlace.testProjectSDK2UITests;
				PRODUCT_NAME = "$(TARGET_NAME)";
				SWIFT_EMIT_LOC_STRINGS = NO;
				SWIFT_VERSION = 5.0;
				TARGETED_DEVICE_FAMILY = "1,2";
				TEST_TARGET_NAME = testProjectSDK2;
			};
			name = Debug;
		};
		208C97A12BE54F9A00C578B0 /* Release */ = {
			isa = XCBuildConfiguration;
			buildSettings = {
				ALWAYS_EMBED_SWIFT_STANDARD_LIBRARIES = YES;
				CODE_SIGN_STYLE = Automatic;
				CURRENT_PROJECT_VERSION = 1;
				DEVELOPMENT_TEAM = FJAC2DB79M;
				GENERATE_INFOPLIST_FILE = YES;
				MARKETING_VERSION = 1.0;
				PRODUCT_BUNDLE_IDENTIFIER = com.geoenlace.testProjectSDK2UITests;
				PRODUCT_NAME = "$(TARGET_NAME)";
				SWIFT_EMIT_LOC_STRINGS = NO;
				SWIFT_VERSION = 5.0;
				TARGETED_DEVICE_FAMILY = "1,2";
				TEST_TARGET_NAME = testProjectSDK2;
			};
			name = Release;
		};
/* End XCBuildConfiguration section */

/* Begin XCConfigurationList section */
		208C976A2BE54F9800C578B0 /* Build configuration list for PBXProject "testProjectSDKKigo" */ = {
			isa = XCConfigurationList;
			buildConfigurations = (
				208C97972BE54F9A00C578B0 /* Debug */,
				208C97982BE54F9A00C578B0 /* Release */,
			);
			defaultConfigurationIsVisible = 0;
			defaultConfigurationName = Release;
		};
		208C97992BE54F9A00C578B0 /* Build configuration list for PBXNativeTarget "testProjectSDKKigo" */ = {
			isa = XCConfigurationList;
			buildConfigurations = (
				208C979A2BE54F9A00C578B0 /* Debug */,
				208C979B2BE54F9A00C578B0 /* Release */,
			);
			defaultConfigurationIsVisible = 0;
			defaultConfigurationName = Release;
		};
		208C979C2BE54F9A00C578B0 /* Build configuration list for PBXNativeTarget "testProjectSDKKigoTests" */ = {
			isa = XCConfigurationList;
			buildConfigurations = (
				208C979D2BE54F9A00C578B0 /* Debug */,
				208C979E2BE54F9A00C578B0 /* Release */,
			);
			defaultConfigurationIsVisible = 0;
			defaultConfigurationName = Release;
		};
		208C979F2BE54F9A00C578B0 /* Build configuration list for PBXNativeTarget "testProjectSDKKigoUITests" */ = {
			isa = XCConfigurationList;
			buildConfigurations = (
				208C97A02BE54F9A00C578B0 /* Debug */,
				208C97A12BE54F9A00C578B0 /* Release */,
			);
			defaultConfigurationIsVisible = 0;
			defaultConfigurationName = Release;
		};
/* End XCConfigurationList section */
	};
	rootObject = 208C97672BE54F9800C578B0 /* Project object */;
}
